
Microsoft Visual Studio Solution File, Format Version 12.00
# Visual Studio Version 17
VisualStudioVersion = 17.3.32929.385
MinimumVisualStudioVersion = 10.0.40219.1
Project("{FAE04EC0-301F-11D3-BF4B-00C04F79EFBC}") = "Diar_WPF", "Diar_WPF.csproj", "{A5346A3B-65E3-4E9A-8D11-27DD685EDEA9}"
EndProject
Global
	GlobalSection(SolutionConfigurationPlatforms) = preSolution
		Debug|Any CPU = Debug|Any CPU
		Release|Any CPU = Release|Any CPU
	EndGlobalSection
	GlobalSection(ProjectConfigurationPlatforms) = postSolution
		{A5346A3B-65E3-4E9A-8D11-27DD685EDEA9}.Debug|Any CPU.ActiveCfg = Debug|Any CPU
		{A5346A3B-65E3-4E9A-8D11-27DD685EDEA9}.Debug|Any CPU.Build.0 = Debug|Any CPU
		{A5346A3B-65E3-4E9A-8D11-27DD685EDEA9}.Release|Any CPU.ActiveCfg = Release|Any CPU
		{A5346A3B-65E3-4E9A-8D11-27DD685EDEA9}.Release|Any CPU.Build.0 = Release|Any CPU
	EndGlobalSection
	GlobalSection(SolutionProperties) = preSolution
		HideSolutionNode = FALSE
	EndGlobalSection
	GlobalSection(ExtensibilityGlobals) = postSolution
		SolutionGuid = {13EF8971-84B5-473B-9DEC-6A34DE8E53D5}
	EndGlobalSection
EndGlobal
